
Microsoft Visual Studio Solution File, Format Version 12.00
# Visual Studio 14
VisualStudioVersion = 14.0.22823.1
MinimumVisualStudioVersion = 10.0.40219.1
Project("{FAE04EC0-301F-11D3-BF4B-00C04F79EFBC}") = "Stetho", "Stetho\Stetho.csproj", "{12967B2B-1492-4603-B999-2362039AD2FB}"
EndProject
Global
	GlobalSection(SolutionConfigurationPlatforms) = preSolution
		Debug|Any CPU = Debug|Any CPU
		Release|Any CPU = Release|Any CPU
	EndGlobalSection
	GlobalSection(ProjectConfigurationPlatforms) = postSolution
		{12967B2B-1492-4603-B999-2362039AD2FB}.Debug|Any CPU.ActiveCfg = Debug|Any CPU
		{12967B2B-1492-4603-B999-2362039AD2FB}.Debug|Any CPU.Build.0 = Debug|Any CPU
		{12967B2B-1492-4603-B999-2362039AD2FB}.Release|Any CPU.ActiveCfg = Release|Any CPU
		{12967B2B-1492-4603-B999-2362039AD2FB}.Release|Any CPU.Build.0 = Release|Any CPU
	EndGlobalSection
	GlobalSection(SolutionProperties) = preSolution
		HideSolutionNode = FALSE
	EndGlobalSection
	GlobalSection(TeamFoundationVersionControl) = preSolution
		SccNumberOfProjects = 2
		SccEnterpriseProvider = {4CA58AB2-18FA-4F8D-95D4-32DDF27D184C}
		SccTeamFoundationServer = http://tfs03.nventive.local:8080/tfs/umbrella
		SccLocalPath0 = .
		SccProjectUniqueName1 = Stetho\\Stetho.csproj
		SccProjectName1 = Stetho
		SccLocalPath1 = Stetho
	EndGlobalSection
EndGlobal
